{
  "requires": true,
  "lockfileVersion": 1,
  "dependencies": {
    "react-virtualized-auto-sizer": {
      "version": "1.0.6",
      "resolved": "https://registry.npmjs.org/react-virtualized-auto-sizer/-/react-virtualized-auto-sizer-1.0.6.tgz",
      "integrity": "sha512-7tQ0BmZqfVF6YYEWcIGuoR3OdYe8I/ZFbNclFlGOC3pMqunkYF/oL30NCjSGl9sMEb17AnzixDz98Kqc3N76HQ=="
    }
  }
}
